// !$*UTF8*$!
{
	archiveVersion = 1;
	classes = {
	};
	objectVersion = 50;
	objects = {

/* Begin PBXBuildFile section */
		CC12379D23834BA100C83BEB /* AVCaptureVideoOrientation_Tests.swift in Sources */ = {isa = PBXBuildFile; fileRef = CC12379C23834BA100C83BEB /* AVCaptureVideoOrientation_Tests.swift */; };
		CC12379F238350FC00C83BEB /* VideoFeedState_Tests.swift in Sources */ = {isa = PBXBuildFile; fileRef = CC12379E238350FC00C83BEB /* VideoFeedState_Tests.swift */; };
		CC1237A12383555F00C83BEB /* MockSampleBuffer.swift in Sources */ = {isa = PBXBuildFile; fileRef = CC1237A02383555F00C83BEB /* MockSampleBuffer.swift */; };
		CC1237A3238356C400C83BEB /* CMSampleBuffer_Tests.swift in Sources */ = {isa = PBXBuildFile; fileRef = CC1237A2238356C400C83BEB /* CMSampleBuffer_Tests.swift */; };
		CC31D8F62383294C009B1287 /* CameraAuthorizationController_Tests.swift in Sources */ = {isa = PBXBuildFile; fileRef = CC31D8F52383294C009B1287 /* CameraAuthorizationController_Tests.swift */; };
		CC31D8F923832D3D009B1287 /* AVCaptureDeviceCameraAuthorizationInterface.swift in Sources */ = {isa = PBXBuildFile; fileRef = CC31D8F823832D3D009B1287 /* AVCaptureDeviceCameraAuthorizationInterface.swift */; };
		CC31D8FC23832E7A009B1287 /* AVCaptureDevice_Extensions.swift in Sources */ = {isa = PBXBuildFile; fileRef = CC31D8FB23832E7A009B1287 /* AVCaptureDevice_Extensions.swift */; };
		CC31D8FE23833084009B1287 /* MockAuthorizer.swift in Sources */ = {isa = PBXBuildFile; fileRef = CC31D8FD23833084009B1287 /* MockAuthorizer.swift */; };
		CC8D6CC9237E180600565B7D /* iOSRawCamera.framework in Frameworks */ = {isa = PBXBuildFile; fileRef = CC8D6CBF237E180600565B7D /* iOSRawCamera.framework */; };
		CC8D6CD0237E180600565B7D /* iOSRawCamera.h in Headers */ = {isa = PBXBuildFile; fileRef = CC8D6CC2237E180600565B7D /* iOSRawCamera.h */; settings = {ATTRIBUTES = (Public, ); }; };
		CC8D6CDA237E19E400565B7D /* CameraController.swift in Sources */ = {isa = PBXBuildFile; fileRef = CC8D6CD9237E19E400565B7D /* CameraController.swift */; };
		CC8D6CDE237E1A2600565B7D /* Notifications.swift in Sources */ = {isa = PBXBuildFile; fileRef = CC8D6CDD237E1A2600565B7D /* Notifications.swift */; };
		CC8D6CE1237E1A6900565B7D /* VideoFeedState.swift in Sources */ = {isa = PBXBuildFile; fileRef = CC8D6CE0237E1A6900565B7D /* VideoFeedState.swift */; };
		CC8D6CE3237E1AD100565B7D /* CameraControllerError.swift in Sources */ = {isa = PBXBuildFile; fileRef = CC8D6CE2237E1AD100565B7D /* CameraControllerError.swift */; };
		CC8D6CE7237E1D5000565B7D /* CameraRoute.swift in Sources */ = {isa = PBXBuildFile; fileRef = CC8D6CE6237E1D5000565B7D /* CameraRoute.swift */; };
		CC8D6CE9237E1DE800565B7D /* CameraAuthorizationController.swift in Sources */ = {isa = PBXBuildFile; fileRef = CC8D6CE8237E1DE800565B7D /* CameraAuthorizationController.swift */; };
		CC8D6CEC237E1E7B00565B7D /* AVCaptureVideoOrientation_Extensions.swift in Sources */ = {isa = PBXBuildFile; fileRef = CC8D6CEB237E1E7B00565B7D /* AVCaptureVideoOrientation_Extensions.swift */; };
		CC8D6CEE237E1ECF00565B7D /* CMSampleBuffer_Extensions.swift in Sources */ = {isa = PBXBuildFile; fileRef = CC8D6CED237E1ECF00565B7D /* CMSampleBuffer_Extensions.swift */; };
		CC8D6CF0237E1F1000565B7D /* CMBufferProcessorError.swift in Sources */ = {isa = PBXBuildFile; fileRef = CC8D6CEF237E1F1000565B7D /* CMBufferProcessorError.swift */; };
		CC8D6CF4237E207100565B7D /* CVPixelBuffer_Extensions.swift in Sources */ = {isa = PBXBuildFile; fileRef = CC8D6CF3237E207100565B7D /* CVPixelBuffer_Extensions.swift */; };
		CC8D6CF6237E20A400565B7D /* PixelBufferCopyError.swift in Sources */ = {isa = PBXBuildFile; fileRef = CC8D6CF5237E20A400565B7D /* PixelBufferCopyError.swift */; };
/* End PBXBuildFile section */

/* Begin PBXContainerItemProxy section */
		CC8D6CCA237E180600565B7D /* PBXContainerItemProxy */ = {
			isa = PBXContainerItemProxy;
			containerPortal = CC8D6CB6237E180600565B7D /* Project object */;
			proxyType = 1;
			remoteGlobalIDString = CC8D6CBE237E180600565B7D;
			remoteInfo = iOSRawCamera;
		};
/* End PBXContainerItemProxy section */

/* Begin PBXFileReference section */
		CC12379C23834BA100C83BEB /* AVCaptureVideoOrientation_Tests.swift */ = {isa = PBXFileReference; lastKnownFileType = sourcecode.swift; path = AVCaptureVideoOrientation_Tests.swift; sourceTree = "<group>"; };
		CC12379E238350FC00C83BEB /* VideoFeedState_Tests.swift */ = {isa = PBXFileReference; lastKnownFileType = sourcecode.swift; path = VideoFeedState_Tests.swift; sourceTree = "<group>"; };
		CC1237A02383555F00C83BEB /* MockSampleBuffer.swift */ = {isa = PBXFileReference; lastKnownFileType = sourcecode.swift; path = MockSampleBuffer.swift; sourceTree = "<group>"; };
		CC1237A2238356C400C83BEB /* CMSampleBuffer_Tests.swift */ = {isa = PBXFileReference; lastKnownFileType = sourcecode.swift; path = CMSampleBuffer_Tests.swift; sourceTree = "<group>"; };
		CC31D8F52383294C009B1287 /* CameraAuthorizationController_Tests.swift */ = {isa = PBXFileReference; lastKnownFileType = sourcecode.swift; path = CameraAuthorizationController_Tests.swift; sourceTree = "<group>"; };
		CC31D8F823832D3D009B1287 /* AVCaptureDeviceCameraAuthorizationInterface.swift */ = {isa = PBXFileReference; lastKnownFileType = sourcecode.swift; path = AVCaptureDeviceCameraAuthorizationInterface.swift; sourceTree = "<group>"; };
		CC31D8FB23832E7A009B1287 /* AVCaptureDevice_Extensions.swift */ = {isa = PBXFileReference; lastKnownFileType = sourcecode.swift; path = AVCaptureDevice_Extensions.swift; sourceTree = "<group>"; };
		CC31D8FD23833084009B1287 /* MockAuthorizer.swift */ = {isa = PBXFileReference; lastKnownFileType = sourcecode.swift; path = MockAuthorizer.swift; sourceTree = "<group>"; };
		CC8D6CBF237E180600565B7D /* iOSRawCamera.framework */ = {isa = PBXFileReference; explicitFileType = wrapper.framework; includeInIndex = 0; path = iOSRawCamera.framework; sourceTree = BUILT_PRODUCTS_DIR; };
		CC8D6CC2237E180600565B7D /* iOSRawCamera.h */ = {isa = PBXFileReference; lastKnownFileType = sourcecode.c.h; path = iOSRawCamera.h; sourceTree = "<group>"; };
		CC8D6CC3237E180600565B7D /* Info.plist */ = {isa = PBXFileReference; lastKnownFileType = text.plist.xml; path = Info.plist; sourceTree = "<group>"; };
		CC8D6CC8237E180600565B7D /* iOSRawCameraTests.xctest */ = {isa = PBXFileReference; explicitFileType = wrapper.cfbundle; includeInIndex = 0; path = iOSRawCameraTests.xctest; sourceTree = BUILT_PRODUCTS_DIR; };
		CC8D6CCF237E180600565B7D /* Info.plist */ = {isa = PBXFileReference; lastKnownFileType = text.plist.xml; path = Info.plist; sourceTree = "<group>"; };
		CC8D6CD9237E19E400565B7D /* CameraController.swift */ = {isa = PBXFileReference; lastKnownFileType = sourcecode.swift; path = CameraController.swift; sourceTree = "<group>"; };
		CC8D6CDD237E1A2600565B7D /* Notifications.swift */ = {isa = PBXFileReference; lastKnownFileType = sourcecode.swift; path = Notifications.swift; sourceTree = "<group>"; };
		CC8D6CE0237E1A6900565B7D /* VideoFeedState.swift */ = {isa = PBXFileReference; lastKnownFileType = sourcecode.swift; path = VideoFeedState.swift; sourceTree = "<group>"; };
		CC8D6CE2237E1AD100565B7D /* CameraControllerError.swift */ = {isa = PBXFileReference; lastKnownFileType = sourcecode.swift; path = CameraControllerError.swift; sourceTree = "<group>"; };
		CC8D6CE6237E1D5000565B7D /* CameraRoute.swift */ = {isa = PBXFileReference; lastKnownFileType = sourcecode.swift; path = CameraRoute.swift; sourceTree = "<group>"; };
		CC8D6CE8237E1DE800565B7D /* CameraAuthorizationController.swift */ = {isa = PBXFileReference; lastKnownFileType = sourcecode.swift; path = CameraAuthorizationController.swift; sourceTree = "<group>"; };
		CC8D6CEB237E1E7B00565B7D /* AVCaptureVideoOrientation_Extensions.swift */ = {isa = PBXFileReference; lastKnownFileType = sourcecode.swift; path = AVCaptureVideoOrientation_Extensions.swift; sourceTree = "<group>"; };
		CC8D6CED237E1ECF00565B7D /* CMSampleBuffer_Extensions.swift */ = {isa = PBXFileReference; lastKnownFileType = sourcecode.swift; path = CMSampleBuffer_Extensions.swift; sourceTree = "<group>"; };
		CC8D6CEF237E1F1000565B7D /* CMBufferProcessorError.swift */ = {isa = PBXFileReference; lastKnownFileType = sourcecode.swift; path = CMBufferProcessorError.swift; sourceTree = "<group>"; };
		CC8D6CF3237E207100565B7D /* CVPixelBuffer_Extensions.swift */ = {isa = PBXFileReference; lastKnownFileType = sourcecode.swift; path = CVPixelBuffer_Extensions.swift; sourceTree = "<group>"; };
		CC8D6CF5237E20A400565B7D /* PixelBufferCopyError.swift */ = {isa = PBXFileReference; lastKnownFileType = sourcecode.swift; path = PixelBufferCopyError.swift; sourceTree = "<group>"; };
/* End PBXFileReference section */

/* Begin PBXFrameworksBuildPhase section */
		CC8D6CBC237E180600565B7D /* Frameworks */ = {
			isa = PBXFrameworksBuildPhase;
			buildActionMask = 2147483647;
			files = (
			);
			runOnlyForDeploymentPostprocessing = 0;
		};
		CC8D6CC5237E180600565B7D /* Frameworks */ = {
			isa = PBXFrameworksBuildPhase;
			buildActionMask = 2147483647;
			files = (
				CC8D6CC9237E180600565B7D /* iOSRawCamera.framework in Frameworks */,
			);
			runOnlyForDeploymentPostprocessing = 0;
		};
/* End PBXFrameworksBuildPhase section */

/* Begin PBXGroup section */
		CC31D8F723832D29009B1287 /* Protocols */ = {
			isa = PBXGroup;
			children = (
				CC31D8F823832D3D009B1287 /* AVCaptureDeviceCameraAuthorizationInterface.swift */,
			);
			path = Protocols;
			sourceTree = "<group>";
		};
		CC31D8FA23832E30009B1287 /* MockObjects */ = {
			isa = PBXGroup;
			children = (
				CC31D8FD23833084009B1287 /* MockAuthorizer.swift */,
				CC1237A02383555F00C83BEB /* MockSampleBuffer.swift */,
			);
			path = MockObjects;
			sourceTree = "<group>";
		};
		CC8D6CB5237E180600565B7D = {
			isa = PBXGroup;
			children = (
				CC8D6CC1237E180600565B7D /* iOSRawCamera */,
				CC8D6CCC237E180600565B7D /* iOSRawCameraTests */,
				CC8D6CC0237E180600565B7D /* Products */,
			);
			sourceTree = "<group>";
		};
		CC8D6CC0237E180600565B7D /* Products */ = {
			isa = PBXGroup;
			children = (
				CC8D6CBF237E180600565B7D /* iOSRawCamera.framework */,
				CC8D6CC8237E180600565B7D /* iOSRawCameraTests.xctest */,
			);
			name = Products;
			sourceTree = "<group>";
		};
		CC8D6CC1237E180600565B7D /* iOSRawCamera */ = {
			isa = PBXGroup;
			children = (
				CC31D8F723832D29009B1287 /* Protocols */,
				CC8D6CEA237E1E5800565B7D /* Extensions */,
				CC8D6CDF237E1A5B00565B7D /* Enumerations */,
				CC8D6CDC237E1A1500565B7D /* Classes */,
				CC8D6CDB237E1A0900565B7D /* Global */,
				CC8D6CC2237E180600565B7D /* iOSRawCamera.h */,
				CC8D6CC3237E180600565B7D /* Info.plist */,
			);
			path = iOSRawCamera;
			sourceTree = "<group>";
		};
		CC8D6CCC237E180600565B7D /* iOSRawCameraTests */ = {
			isa = PBXGroup;
			children = (
				CC31D8FA23832E30009B1287 /* MockObjects */,
				CC8D6CCF237E180600565B7D /* Info.plist */,
				CC31D8F52383294C009B1287 /* CameraAuthorizationController_Tests.swift */,
				CC12379C23834BA100C83BEB /* AVCaptureVideoOrientation_Tests.swift */,
				CC12379E238350FC00C83BEB /* VideoFeedState_Tests.swift */,
				CC1237A2238356C400C83BEB /* CMSampleBuffer_Tests.swift */,
			);
			path = iOSRawCameraTests;
			sourceTree = "<group>";
		};
		CC8D6CDB237E1A0900565B7D /* Global */ = {
			isa = PBXGroup;
			children = (
				CC8D6CDD237E1A2600565B7D /* Notifications.swift */,
			);
			path = Global;
			sourceTree = "<group>";
		};
		CC8D6CDC237E1A1500565B7D /* Classes */ = {
			isa = PBXGroup;
			children = (
				CC8D6CD9237E19E400565B7D /* CameraController.swift */,
				CC8D6CE8237E1DE800565B7D /* CameraAuthorizationController.swift */,
			);
			path = Classes;
			sourceTree = "<group>";
		};
		CC8D6CDF237E1A5B00565B7D /* Enumerations */ = {
			isa = PBXGroup;
			children = (
				CC8D6CE2237E1AD100565B7D /* CameraControllerError.swift */,
				CC8D6CE0237E1A6900565B7D /* VideoFeedState.swift */,
				CC8D6CE6237E1D5000565B7D /* CameraRoute.swift */,
				CC8D6CEF237E1F1000565B7D /* CMBufferProcessorError.swift */,
				CC8D6CF5237E20A400565B7D /* PixelBufferCopyError.swift */,
			);
			path = Enumerations;
			sourceTree = "<group>";
		};
		CC8D6CEA237E1E5800565B7D /* Extensions */ = {
			isa = PBXGroup;
			children = (
				CC8D6CEB237E1E7B00565B7D /* AVCaptureVideoOrientation_Extensions.swift */,
				CC8D6CED237E1ECF00565B7D /* CMSampleBuffer_Extensions.swift */,
				CC8D6CF3237E207100565B7D /* CVPixelBuffer_Extensions.swift */,
				CC31D8FB23832E7A009B1287 /* AVCaptureDevice_Extensions.swift */,
			);
			path = Extensions;
			sourceTree = "<group>";
		};
/* End PBXGroup section */

/* Begin PBXHeadersBuildPhase section */
		CC8D6CBA237E180600565B7D /* Headers */ = {
			isa = PBXHeadersBuildPhase;
			buildActionMask = 2147483647;
			files = (
				CC8D6CD0237E180600565B7D /* iOSRawCamera.h in Headers */,
			);
			runOnlyForDeploymentPostprocessing = 0;
		};
/* End PBXHeadersBuildPhase section */

/* Begin PBXNativeTarget section */
		CC8D6CBE237E180600565B7D /* iOSRawCamera */ = {
			isa = PBXNativeTarget;
			buildConfigurationList = CC8D6CD3237E180600565B7D /* Build configuration list for PBXNativeTarget "iOSRawCamera" */;
			buildPhases = (
				CC8D6CBA237E180600565B7D /* Headers */,
				CC8D6CBB237E180600565B7D /* Sources */,
				CC8D6CBC237E180600565B7D /* Frameworks */,
				CC8D6CBD237E180600565B7D /* Resources */,
			);
			buildRules = (
			);
			dependencies = (
			);
			name = iOSRawCamera;
			productName = iOSRawCamera;
			productReference = CC8D6CBF237E180600565B7D /* iOSRawCamera.framework */;
			productType = "com.apple.product-type.framework";
		};
		CC8D6CC7237E180600565B7D /* iOSRawCameraTests */ = {
			isa = PBXNativeTarget;
			buildConfigurationList = CC8D6CD6237E180600565B7D /* Build configuration list for PBXNativeTarget "iOSRawCameraTests" */;
			buildPhases = (
				CC8D6CC4237E180600565B7D /* Sources */,
				CC8D6CC5237E180600565B7D /* Frameworks */,
				CC8D6CC6237E180600565B7D /* Resources */,
			);
			buildRules = (
			);
			dependencies = (
				CC8D6CCB237E180600565B7D /* PBXTargetDependency */,
			);
			name = iOSRawCameraTests;
			productName = iOSRawCameraTests;
			productReference = CC8D6CC8237E180600565B7D /* iOSRawCameraTests.xctest */;
			productType = "com.apple.product-type.bundle.unit-test";
		};
/* End PBXNativeTarget section */

/* Begin PBXProject section */
		CC8D6CB6237E180600565B7D /* Project object */ = {
			isa = PBXProject;
			attributes = {
				LastSwiftUpdateCheck = 1120;
				LastUpgradeCheck = 1120;
				ORGANIZATIONNAME = "Nomad Company";
				TargetAttributes = {
					CC8D6CBE237E180600565B7D = {
						CreatedOnToolsVersion = 11.2.1;
						LastSwiftMigration = 1120;
					};
					CC8D6CC7237E180600565B7D = {
						CreatedOnToolsVersion = 11.2.1;
					};
				};
			};
			buildConfigurationList = CC8D6CB9237E180600565B7D /* Build configuration list for PBXProject "iOSRawCamera" */;
			compatibilityVersion = "Xcode 9.3";
			developmentRegion = en;
			hasScannedForEncodings = 0;
			knownRegions = (
				en,
				Base,
			);
			mainGroup = CC8D6CB5237E180600565B7D;
			productRefGroup = CC8D6CC0237E180600565B7D /* Products */;
			projectDirPath = "";
			projectRoot = "";
			targets = (
				CC8D6CBE237E180600565B7D /* iOSRawCamera */,
				CC8D6CC7237E180600565B7D /* iOSRawCameraTests */,
			);
		};
/* End PBXProject section */

/* Begin PBXResourcesBuildPhase section */
		CC8D6CBD237E180600565B7D /* Resources */ = {
			isa = PBXResourcesBuildPhase;
			buildActionMask = 2147483647;
			files = (
			);
			runOnlyForDeploymentPostprocessing = 0;
		};
		CC8D6CC6237E180600565B7D /* Resources */ = {
			isa = PBXResourcesBuildPhase;
			buildActionMask = 2147483647;
			files = (
			);
			runOnlyForDeploymentPostprocessing = 0;
		};
/* End PBXResourcesBuildPhase section */

/* Begin PBXSourcesBuildPhase section */
		CC8D6CBB237E180600565B7D /* Sources */ = {
			isa = PBXSourcesBuildPhase;
			buildActionMask = 2147483647;
			files = (
				CC8D6CDE237E1A2600565B7D /* Notifications.swift in Sources */,
				CC8D6CE3237E1AD100565B7D /* CameraControllerError.swift in Sources */,
				CC8D6CE1237E1A6900565B7D /* VideoFeedState.swift in Sources */,
				CC31D8FC23832E7A009B1287 /* AVCaptureDevice_Extensions.swift in Sources */,
				CC31D8F923832D3D009B1287 /* AVCaptureDeviceCameraAuthorizationInterface.swift in Sources */,
				CC8D6CF4237E207100565B7D /* CVPixelBuffer_Extensions.swift in Sources */,
				CC8D6CE7237E1D5000565B7D /* CameraRoute.swift in Sources */,
				CC8D6CF6237E20A400565B7D /* PixelBufferCopyError.swift in Sources */,
				CC8D6CE9237E1DE800565B7D /* CameraAuthorizationController.swift in Sources */,
				CC8D6CEE237E1ECF00565B7D /* CMSampleBuffer_Extensions.swift in Sources */,
				CC8D6CDA237E19E400565B7D /* CameraController.swift in Sources */,
				CC8D6CF0237E1F1000565B7D /* CMBufferProcessorError.swift in Sources */,
				CC8D6CEC237E1E7B00565B7D /* AVCaptureVideoOrientation_Extensions.swift in Sources */,
			);
			runOnlyForDeploymentPostprocessing = 0;
		};
		CC8D6CC4237E180600565B7D /* Sources */ = {
			isa = PBXSourcesBuildPhase;
			buildActionMask = 2147483647;
			files = (
				CC12379D23834BA100C83BEB /* AVCaptureVideoOrientation_Tests.swift in Sources */,
				CC1237A3238356C400C83BEB /* CMSampleBuffer_Tests.swift in Sources */,
				CC1237A12383555F00C83BEB /* MockSampleBuffer.swift in Sources */,
				CC31D8FE23833084009B1287 /* MockAuthorizer.swift in Sources */,
				CC31D8F62383294C009B1287 /* CameraAuthorizationController_Tests.swift in Sources */,
				CC12379F238350FC00C83BEB /* VideoFeedState_Tests.swift in Sources */,
			);
			runOnlyForDeploymentPostprocessing = 0;
		};
/* End PBXSourcesBuildPhase section */

/* Begin PBXTargetDependency section */
		CC8D6CCB237E180600565B7D /* PBXTargetDependency */ = {
			isa = PBXTargetDependency;
			target = CC8D6CBE237E180600565B7D /* iOSRawCamera */;
			targetProxy = CC8D6CCA237E180600565B7D /* PBXContainerItemProxy */;
		};
/* End PBXTargetDependency section */

/* Begin XCBuildConfiguration section */
		CC8D6CD1237E180600565B7D /* Debug */ = {
			isa = XCBuildConfiguration;
			buildSettings = {
				ALWAYS_SEARCH_USER_PATHS = NO;
				CLANG_ANALYZER_NONNULL = YES;
				CLANG_ANALYZER_NUMBER_OBJECT_CONVERSION = YES_AGGRESSIVE;
				CLANG_CXX_LANGUAGE_STANDARD = "gnu++14";
				CLANG_CXX_LIBRARY = "libc++";
				CLANG_ENABLE_MODULES = YES;
				CLANG_ENABLE_OBJC_ARC = YES;
				CLANG_ENABLE_OBJC_WEAK = YES;
				CLANG_WARN_BLOCK_CAPTURE_AUTORELEASING = YES;
				CLANG_WARN_BOOL_CONVERSION = YES;
				CLANG_WARN_COMMA = YES;
				CLANG_WARN_CONSTANT_CONVERSION = YES;
				CLANG_WARN_DEPRECATED_OBJC_IMPLEMENTATIONS = YES;
				CLANG_WARN_DIRECT_OBJC_ISA_USAGE = YES_ERROR;
				CLANG_WARN_DOCUMENTATION_COMMENTS = YES;
				CLANG_WARN_EMPTY_BODY = YES;
				CLANG_WARN_ENUM_CONVERSION = YES;
				CLANG_WARN_INFINITE_RECURSION = YES;
				CLANG_WARN_INT_CONVERSION = YES;
				CLANG_WARN_NON_LITERAL_NULL_CONVERSION = YES;
				CLANG_WARN_OBJC_IMPLICIT_RETAIN_SELF = YES;
				CLANG_WARN_OBJC_LITERAL_CONVERSION = YES;
				CLANG_WARN_OBJC_ROOT_CLASS = YES_ERROR;
				CLANG_WARN_RANGE_LOOP_ANALYSIS = YES;
				CLANG_WARN_STRICT_PROTOTYPES = YES;
				CLANG_WARN_SUSPICIOUS_MOVE = YES;
				CLANG_WARN_UNGUARDED_AVAILABILITY = YES_AGGRESSIVE;
				CLANG_WARN_UNREACHABLE_CODE = YES;
				CLANG_WARN__DUPLICATE_METHOD_MATCH = YES;
				COPY_PHASE_STRIP = NO;
				CURRENT_PROJECT_VERSION = 1;
				DEBUG_INFORMATION_FORMAT = dwarf;
				ENABLE_STRICT_OBJC_MSGSEND = YES;
				ENABLE_TESTABILITY = YES;
				GCC_C_LANGUAGE_STANDARD = gnu11;
				GCC_DYNAMIC_NO_PIC = NO;
				GCC_NO_COMMON_BLOCKS = YES;
				GCC_OPTIMIZATION_LEVEL = 0;
				GCC_PREPROCESSOR_DEFINITIONS = (
					"DEBUG=1",
					"$(inherited)",
				);
				GCC_WARN_64_TO_32_BIT_CONVERSION = YES;
				GCC_WARN_ABOUT_RETURN_TYPE = YES_ERROR;
				GCC_WARN_UNDECLARED_SELECTOR = YES;
				GCC_WARN_UNINITIALIZED_AUTOS = YES_AGGRESSIVE;
				GCC_WARN_UNUSED_FUNCTION = YES;
				GCC_WARN_UNUSED_VARIABLE = YES;
				IPHONEOS_DEPLOYMENT_TARGET = 13.2;
				MTL_ENABLE_DEBUG_INFO = INCLUDE_SOURCE;
				MTL_FAST_MATH = YES;
				ONLY_ACTIVE_ARCH = YES;
				SDKROOT = iphoneos;
				SWIFT_ACTIVE_COMPILATION_CONDITIONS = DEBUG;
				SWIFT_OPTIMIZATION_LEVEL = "-Onone";
				VERSIONING_SYSTEM = "apple-generic";
				VERSION_INFO_PREFIX = "";
			};
			name = Debug;
		};
		CC8D6CD2237E180600565B7D /* Release */ = {
			isa = XCBuildConfiguration;
			buildSettings = {
				ALWAYS_SEARCH_USER_PATHS = NO;
				CLANG_ANALYZER_NONNULL = YES;
				CLANG_ANALYZER_NUMBER_OBJECT_CONVERSION = YES_AGGRESSIVE;
				CLANG_CXX_LANGUAGE_STANDARD = "gnu++14";
				CLANG_CXX_LIBRARY = "libc++";
				CLANG_ENABLE_MODULES = YES;
				CLANG_ENABLE_OBJC_ARC = YES;
				CLANG_ENABLE_OBJC_WEAK = YES;
				CLANG_WARN_BLOCK_CAPTURE_AUTORELEASING = YES;
				CLANG_WARN_BOOL_CONVERSION = YES;
				CLANG_WARN_COMMA = YES;
				CLANG_WARN_CONSTANT_CONVERSION = YES;
				CLANG_WARN_DEPRECATED_OBJC_IMPLEMENTATIONS = YES;
				CLANG_WARN_DIRECT_OBJC_ISA_USAGE = YES_ERROR;
				CLANG_WARN_DOCUMENTATION_COMMENTS = YES;
				CLANG_WARN_EMPTY_BODY = YES;
				CLANG_WARN_ENUM_CONVERSION = YES;
				CLANG_WARN_INFINITE_RECURSION = YES;
				CLANG_WARN_INT_CONVERSION = YES;
				CLANG_WARN_NON_LITERAL_NULL_CONVERSION = YES;
				CLANG_WARN_OBJC_IMPLICIT_RETAIN_SELF = YES;
				CLANG_WARN_OBJC_LITERAL_CONVERSION = YES;
				CLANG_WARN_OBJC_ROOT_CLASS = YES_ERROR;
				CLANG_WARN_RANGE_LOOP_ANALYSIS = YES;
				CLANG_WARN_STRICT_PROTOTYPES = YES;
				CLANG_WARN_SUSPICIOUS_MOVE = YES;
				CLANG_WARN_UNGUARDED_AVAILABILITY = YES_AGGRESSIVE;
				CLANG_WARN_UNREACHABLE_CODE = YES;
				CLANG_WARN__DUPLICATE_METHOD_MATCH = YES;
				COPY_PHASE_STRIP = NO;
				CURRENT_PROJECT_VERSION = 1;
				DEBUG_INFORMATION_FORMAT = "dwarf-with-dsym";
				ENABLE_NS_ASSERTIONS = NO;
				ENABLE_STRICT_OBJC_MSGSEND = YES;
				GCC_C_LANGUAGE_STANDARD = gnu11;
				GCC_NO_COMMON_BLOCKS = YES;
				GCC_WARN_64_TO_32_BIT_CONVERSION = YES;
				GCC_WARN_ABOUT_RETURN_TYPE = YES_ERROR;
				GCC_WARN_UNDECLARED_SELECTOR = YES;
				GCC_WARN_UNINITIALIZED_AUTOS = YES_AGGRESSIVE;
				GCC_WARN_UNUSED_FUNCTION = YES;
				GCC_WARN_UNUSED_VARIABLE = YES;
				IPHONEOS_DEPLOYMENT_TARGET = 13.2;
				MTL_ENABLE_DEBUG_INFO = NO;
				MTL_FAST_MATH = YES;
				SDKROOT = iphoneos;
				SWIFT_COMPILATION_MODE = wholemodule;
				SWIFT_OPTIMIZATION_LEVEL = "-O";
				VALIDATE_PRODUCT = YES;
				VERSIONING_SYSTEM = "apple-generic";
				VERSION_INFO_PREFIX = "";
			};
			name = Release;
		};
		CC8D6CD4237E180600565B7D /* Debug */ = {
			isa = XCBuildConfiguration;
			buildSettings = {
				CLANG_ENABLE_MODULES = YES;
				CODE_SIGN_STYLE = Automatic;
				DEFINES_MODULE = YES;
				DYLIB_COMPATIBILITY_VERSION = 1;
				DYLIB_CURRENT_VERSION = 1;
				DYLIB_INSTALL_NAME_BASE = "@rpath";
				INFOPLIST_FILE = iOSRawCamera/Info.plist;
				INSTALL_PATH = "$(LOCAL_LIBRARY_DIR)/Frameworks";
				LD_RUNPATH_SEARCH_PATHS = (
					"$(inherited)",
					"@executable_path/Frameworks",
					"@loader_path/Frameworks",
				);
				PRODUCT_BUNDLE_IDENTIFIER = nomadgo.iOSRawCamera;
				PRODUCT_NAME = "$(TARGET_NAME:c99extidentifier)";
				SKIP_INSTALL = YES;
				SWIFT_OPTIMIZATION_LEVEL = "-Onone";
				SWIFT_VERSION = 5.0;
				TARGETED_DEVICE_FAMILY = "1,2";
			};
			name = Debug;
		};
		CC8D6CD5237E180600565B7D /* Release */ = {
			isa = XCBuildConfiguration;
			buildSettings = {
				CLANG_ENABLE_MODULES = YES;
				CODE_SIGN_STYLE = Automatic;
				DEFINES_MODULE = YES;
				DYLIB_COMPATIBILITY_VERSION = 1;
				DYLIB_CURRENT_VERSION = 1;
				DYLIB_INSTALL_NAME_BASE = "@rpath";
				INFOPLIST_FILE = iOSRawCamera/Info.plist;
				INSTALL_PATH = "$(LOCAL_LIBRARY_DIR)/Frameworks";
				LD_RUNPATH_SEARCH_PATHS = (
					"$(inherited)",
					"@executable_path/Frameworks",
					"@loader_path/Frameworks",
				);
				PRODUCT_BUNDLE_IDENTIFIER = nomadgo.iOSRawCamera;
				PRODUCT_NAME = "$(TARGET_NAME:c99extidentifier)";
				SKIP_INSTALL = YES;
				SWIFT_VERSION = 5.0;
				TARGETED_DEVICE_FAMILY = "1,2";
			};
			name = Release;
		};
		CC8D6CD7237E180600565B7D /* Debug */ = {
			isa = XCBuildConfiguration;
			buildSettings = {
				ALWAYS_EMBED_SWIFT_STANDARD_LIBRARIES = YES;
				CODE_SIGN_STYLE = Automatic;
				INFOPLIST_FILE = iOSRawCameraTests/Info.plist;
				LD_RUNPATH_SEARCH_PATHS = (
					"$(inherited)",
					"@executable_path/Frameworks",
					"@loader_path/Frameworks",
				);
				PRODUCT_BUNDLE_IDENTIFIER = nomadgo.iOSRawCameraTests;
				PRODUCT_NAME = "$(TARGET_NAME)";
				SWIFT_VERSION = 5.0;
				TARGETED_DEVICE_FAMILY = "1,2";
			};
			name = Debug;
		};
		CC8D6CD8237E180600565B7D /* Release */ = {
			isa = XCBuildConfiguration;
			buildSettings = {
				ALWAYS_EMBED_SWIFT_STANDARD_LIBRARIES = YES;
				CODE_SIGN_STYLE = Automatic;
				INFOPLIST_FILE = iOSRawCameraTests/Info.plist;
				LD_RUNPATH_SEARCH_PATHS = (
					"$(inherited)",
					"@executable_path/Frameworks",
					"@loader_path/Frameworks",
				);
				PRODUCT_BUNDLE_IDENTIFIER = nomadgo.iOSRawCameraTests;
				PRODUCT_NAME = "$(TARGET_NAME)";
				SWIFT_VERSION = 5.0;
				TARGETED_DEVICE_FAMILY = "1,2";
			};
			name = Release;
		};
/* End XCBuildConfiguration section */

/* Begin XCConfigurationList section */
		CC8D6CB9237E180600565B7D /* Build configuration list for PBXProject "iOSRawCamera" */ = {
			isa = XCConfigurationList;
			buildConfigurations = (
				CC8D6CD1237E180600565B7D /* Debug */,
				CC8D6CD2237E180600565B7D /* Release */,
			);
			defaultConfigurationIsVisible = 0;
			defaultConfigurationName = Release;
		};
		CC8D6CD3237E180600565B7D /* Build configuration list for PBXNativeTarget "iOSRawCamera" */ = {
			isa = XCConfigurationList;
			buildConfigurations = (
				CC8D6CD4237E180600565B7D /* Debug */,
				CC8D6CD5237E180600565B7D /* Release */,
			);
			defaultConfigurationIsVisible = 0;
			defaultConfigurationName = Release;
		};
		CC8D6CD6237E180600565B7D /* Build configuration list for PBXNativeTarget "iOSRawCameraTests" */ = {
			isa = XCConfigurationList;
			buildConfigurations = (
				CC8D6CD7237E180600565B7D /* Debug */,
				CC8D6CD8237E180600565B7D /* Release */,
			);
			defaultConfigurationIsVisible = 0;
			defaultConfigurationName = Release;
		};
/* End XCConfigurationList section */
	};
	rootObject = CC8D6CB6237E180600565B7D /* Project object */;
}
